
Microsoft Visual Studio Solution File, Format Version 12.00
# Visual Studio Version 16
VisualStudioVersion = 16.0.28803.452
MinimumVisualStudioVersion = 10.0.40219.1
Project("{9A19103F-16F7-4668-BE54-9A1E7A4F7556}") = "CSLiveStreamServer", "CSLiveStreamServer.csproj", "{94CB4CC2-809F-4892-A1A5-D712F2FD612D}"
EndProject
Global
	GlobalSection(SolutionConfigurationPlatforms) = preSolution
		Debug|Any CPU = Debug|Any CPU
		Release|Any CPU = Release|Any CPU
	EndGlobalSection
	GlobalSection(ProjectConfigurationPlatforms) = postSolution
		{94CB4CC2-809F-4892-A1A5-D712F2FD612D}.Debug|Any CPU.ActiveCfg = Debug|Any CPU
		{94CB4CC2-809F-4892-A1A5-D712F2FD612D}.Debug|Any CPU.Build.0 = Debug|Any CPU
		{94CB4CC2-809F-4892-A1A5-D712F2FD612D}.Release|Any CPU.ActiveCfg = Release|Any CPU
		{94CB4CC2-809F-4892-A1A5-D712F2FD612D}.Release|Any CPU.Build.0 = Release|Any CPU
	EndGlobalSection
	GlobalSection(SolutionProperties) = preSolution
		HideSolutionNode = FALSE
	EndGlobalSection
	GlobalSection(ExtensibilityGlobals) = postSolution
		SolutionGuid = {5DA99792-280D-4257-98CF-ED7CACE285ED}
	EndGlobalSection
EndGlobal
